
Microsoft Visual Studio Solution File, Format Version 12.00
# Visual Studio Version 17
VisualStudioVersion = 17.4.33205.214
MinimumVisualStudioVersion = 10.0.40219.1
Project("{FAE04EC0-301F-11D3-BF4B-00C04F79EFBC}") = "Ef7", "Ef7.csproj", "{54554DB2-E975-4517-94F7-3F4725CEBC3A}"
EndProject
Project("{9A19103F-16F7-4668-BE54-9A1E7A4F7556}") = "Domain.Manufacture", "..\Domain.Manufacture\Domain.Manufacture.csproj", "{CD105E71-3B91-4497-8BA2-9E6D71C4D909}"
EndProject
Global
	GlobalSection(SolutionConfigurationPlatforms) = preSolution
		Debug|Any CPU = Debug|Any CPU
		Release|Any CPU = Release|Any CPU
	EndGlobalSection
	GlobalSection(ProjectConfigurationPlatforms) = postSolution
		{54554DB2-E975-4517-94F7-3F4725CEBC3A}.Debug|Any CPU.ActiveCfg = Debug|Any CPU
		{54554DB2-E975-4517-94F7-3F4725CEBC3A}.Debug|Any CPU.Build.0 = Debug|Any CPU
		{54554DB2-E975-4517-94F7-3F4725CEBC3A}.Release|Any CPU.ActiveCfg = Release|Any CPU
		{54554DB2-E975-4517-94F7-3F4725CEBC3A}.Release|Any CPU.Build.0 = Release|Any CPU
		{CD105E71-3B91-4497-8BA2-9E6D71C4D909}.Debug|Any CPU.ActiveCfg = Debug|Any CPU
		{CD105E71-3B91-4497-8BA2-9E6D71C4D909}.Debug|Any CPU.Build.0 = Debug|Any CPU
		{CD105E71-3B91-4497-8BA2-9E6D71C4D909}.Release|Any CPU.ActiveCfg = Release|Any CPU
		{CD105E71-3B91-4497-8BA2-9E6D71C4D909}.Release|Any CPU.Build.0 = Release|Any CPU
	EndGlobalSection
	GlobalSection(SolutionProperties) = preSolution
		HideSolutionNode = FALSE
	EndGlobalSection
	GlobalSection(ExtensibilityGlobals) = postSolution
		SolutionGuid = {943AC846-5211-4BF2-AA66-5C7D4494DB40}
	EndGlobalSection
EndGlobal
